
Microsoft Visual Studio Solution File, Format Version 12.00
# Visual Studio Version 17
VisualStudioVersion = 17.10.34916.146
MinimumVisualStudioVersion = 10.0.40219.1
Project("{9A19103F-16F7-4668-BE54-9A1E7A4F7556}") = "PhoneShopApi.Product", "PhoneShopApi.Product\PhoneShopApi.Product.csproj", "{F451B85B-079D-4220-9BEB-A362379FB7B1}"
EndProject
Project("{9A19103F-16F7-4668-BE54-9A1E7A4F7556}") = "PhoneShopApi.ApiGateway", "PhoneShopApi.ApiGateway\PhoneShopApi.ApiGateway.csproj", "{501CEE83-1785-433A-875E-BF4877B46E2C}"
EndProject
Project("{E53339B2-1760-4266-BCC7-CA923CBCF16C}") = "docker-compose", "docker-compose.dcproj", "{F3F49139-525E-4347-BFF2-36A46A75DFE6}"
EndProject
Project("{9A19103F-16F7-4668-BE54-9A1E7A4F7556}") = "PhoneShopApi.Auth", "PhoneShopApi.Auth\PhoneShopApi.Auth.csproj", "{FAA4A930-A630-4BCE-B22C-56EE3548C8FD}"
EndProject
Project("{9A19103F-16F7-4668-BE54-9A1E7A4F7556}") = "PhoneShopApi.Ordering", "PhoneShopApi.Ordering\PhoneShopApi.Ordering.csproj", "{A9256CF6-967B-4712-A197-07F2C9140957}"
EndProject
Global
	GlobalSection(SolutionConfigurationPlatforms) = preSolution
		Debug|Any CPU = Debug|Any CPU
		Release|Any CPU = Release|Any CPU
	EndGlobalSection
	GlobalSection(ProjectConfigurationPlatforms) = postSolution
		{F451B85B-079D-4220-9BEB-A362379FB7B1}.Debug|Any CPU.ActiveCfg = Debug|Any CPU
		{F451B85B-079D-4220-9BEB-A362379FB7B1}.Debug|Any CPU.Build.0 = Debug|Any CPU
		{F451B85B-079D-4220-9BEB-A362379FB7B1}.Release|Any CPU.ActiveCfg = Release|Any CPU
		{F451B85B-079D-4220-9BEB-A362379FB7B1}.Release|Any CPU.Build.0 = Release|Any CPU
		{501CEE83-1785-433A-875E-BF4877B46E2C}.Debug|Any CPU.ActiveCfg = Debug|Any CPU
		{501CEE83-1785-433A-875E-BF4877B46E2C}.Debug|Any CPU.Build.0 = Debug|Any CPU
		{501CEE83-1785-433A-875E-BF4877B46E2C}.Release|Any CPU.ActiveCfg = Release|Any CPU
		{501CEE83-1785-433A-875E-BF4877B46E2C}.Release|Any CPU.Build.0 = Release|Any CPU
		{F3F49139-525E-4347-BFF2-36A46A75DFE6}.Debug|Any CPU.ActiveCfg = Debug|Any CPU
		{F3F49139-525E-4347-BFF2-36A46A75DFE6}.Debug|Any CPU.Build.0 = Debug|Any CPU
		{F3F49139-525E-4347-BFF2-36A46A75DFE6}.Release|Any CPU.ActiveCfg = Release|Any CPU
		{F3F49139-525E-4347-BFF2-36A46A75DFE6}.Release|Any CPU.Build.0 = Release|Any CPU
		{FAA4A930-A630-4BCE-B22C-56EE3548C8FD}.Debug|Any CPU.ActiveCfg = Debug|Any CPU
		{FAA4A930-A630-4BCE-B22C-56EE3548C8FD}.Debug|Any CPU.Build.0 = Debug|Any CPU
		{FAA4A930-A630-4BCE-B22C-56EE3548C8FD}.Release|Any CPU.ActiveCfg = Release|Any CPU
		{FAA4A930-A630-4BCE-B22C-56EE3548C8FD}.Release|Any CPU.Build.0 = Release|Any CPU
		{A9256CF6-967B-4712-A197-07F2C9140957}.Debug|Any CPU.ActiveCfg = Debug|Any CPU
		{A9256CF6-967B-4712-A197-07F2C9140957}.Debug|Any CPU.Build.0 = Debug|Any CPU
		{A9256CF6-967B-4712-A197-07F2C9140957}.Release|Any CPU.ActiveCfg = Release|Any CPU
		{A9256CF6-967B-4712-A197-07F2C9140957}.Release|Any CPU.Build.0 = Release|Any CPU
	EndGlobalSection
	GlobalSection(SolutionProperties) = preSolution
		HideSolutionNode = FALSE
	EndGlobalSection
	GlobalSection(ExtensibilityGlobals) = postSolution
		SolutionGuid = {CC689B0F-0261-469E-BD13-285D8B9C846F}
	EndGlobalSection
EndGlobal
